<?xml version="1.0" encoding="utf-8"?>
<Project ToolsVersion="4.0" xmlns="http://schemas.microsoft.com/developer/msbuild/2003">
  <ItemGroup>
    <Filter Include="Resource Files">
      <UniqueIdentifier>{67DA6AB6-F800-4c08-8B7A-83BB121AAD01}</UniqueIdentifier>
      <Extensions>rc;ico;cur;bmp;dlg;rc2;rct;bin;rgs;gif;jpg;jpeg;jpe;resx;tiff;tif;png;wav</Extensions>
    </Filter>
  </ItemGroup>
  <ItemGroup>
    <ClInclude Include="include\bitengine\Common\ErrorCodes.h" />
    <ClInclude Include="include\bitengine\Common\MathUtils.h" />
    <ClInclude Include="include\bitengine\Common\VectorBool.h" />
    <ClInclude Include="include\bitengine\Core\CommandSystem.h" />
    <ClInclude Include="include\bitengine\Core\ECS\BaseEntitySystem.h" />
    <ClInclude Include="include\bitengine\Core\ECS\Camera2DComponent.h" />
    <ClInclude Include="include\bitengine\Core\ECS\Camera2DProcessor.h" />
    <ClInclude Include="include\bitengine\Core\ECS\Camera3DComponent.h" />
    <ClInclude Include="include\bitengine\Core\ECS\Camera3DProcessor.h" />
    <ClInclude Include="include\bitengine\Core\ECS\Component.h" />
    <ClInclude Include="include\bitengine\Core\ECS\ComponentProcessor.h" />
    <ClInclude Include="include\bitengine\Core\ECS\Components.h" />
    <ClInclude Include="include\bitengine\Core\ECS\EntitySystem.h" />
    <ClInclude Include="include\bitengine\Core\ECS\GameLogicProcessor.h" />
    <ClInclude Include="include\bitengine\Core\ECS\LogicScript.h" />
    <ClInclude Include="include\bitengine\Core\ECS\RenderableMeshComponent.h" />
    <ClInclude Include="include\bitengine\Core\ECS\RenderableMeshProcessor.h" />
    <ClInclude Include="include\bitengine\Core\ECS\Transform2DComponent.h" />
    <ClInclude Include="include\bitengine\Core\ECS\Transform2DProcessor.h" />
    <ClInclude Include="include\bitengine\Core\ECS\Transform3DComponent.h" />
    <ClInclude Include="include\bitengine\Core\ECS\Transform3DProcessor.h" />
    <ClInclude Include="include\bitengine\Core\EngineConfiguration.h" />
    <ClInclude Include="include\bitengine\Core\GameEngine.h" />
    <ClInclude Include="include\bitengine\Core\Graphics.h" />
    <ClInclude Include="include\bitengine\Core\InputSystem.h" />
    <ClInclude Include="include\bitengine\Core\Logger.h" />
    <ClInclude Include="include\bitengine\Core\MessageType.h" />
    <ClInclude Include="include\bitengine\Core\ResourceSystem.h" />
    <ClInclude Include="include\bitengine\Core\Sprite.h" />
    <ClInclude Include="include\bitengine\Core\System.h" />
    <ClInclude Include="include\bitengine\Core\SystemConfiguration.h" />
    <ClInclude Include="include\bitengine\Core\Task.h" />
    <ClInclude Include="include\bitengine\Core\TaskManager.h" />
    <ClInclude Include="include\bitengine\Core\Timer.h" />
    <ClInclude Include="include\bitengine\Core\VideoSystem.h" />
    <ClInclude Include="include\bitengine\Core\Window.h" />
    <ClInclude Include="include\bitengine\DefaultBackends\opengl\VertexArrayObject.h" />
    <ClInclude Include="include\bitengine\Common\TypeDefinition.h" />
    <ClInclude Include="include\bitengine\DefaultBackends\opengl\Sprite2DGL4.h" />
    <ClInclude Include="include\bitengine\DefaultBackends\opengl\ShaderProgram.h" />
    <ClInclude Include="include\bitengine\bitengine.h" />
    <ClInclude Include="include\bitengine\DefaultBackends\opengl\OpenGL.h" />
    <ClInclude Include="include\bitengine\DefaultBackends\glfw\GLFW_InputDriver.h" />
    <ClInclude Include="include\bitengine\DefaultBackends\opengl\FrameBuffer.h" />
    <ClInclude Include="include\bitengine\Common\MacroHelpers.h" />
    <ClInclude Include="include\bitengine\Common\ThreadSafeQueue.h" />
    <ClInclude Include="include\bitengine\Core\Message.h" />
    <ClInclude Include="include\bitengine\Core\Messenger.h" />
    <ClInclude Include="include\bitengine\Common\BitFieldVector.h" />
    <ClInclude Include="include\bitengine\Core\SpriteManager.h" />
    <ClInclude Include="include\bitengine\Core\Mesh.h" />
    <ClInclude Include="include\bitengine\Core\ModelManager.h" />
    <ClInclude Include="include\bitengine\Common\Property.h" />
    <ClInclude Include="include\bitengine\Core\Graphics\Sprite2D.h" />
    <ClInclude Include="include\bitengine\DefaultBackends\opengl\GL2\GL2Shader.h" />
    <ClInclude Include="include\bitengine\Core\Assert.h" />
    <ClInclude Include="include\bitengine\DefaultBackends\opengl\GL2\GL2TextureManager.h" />
    <ClInclude Include="include\bitengine\DefaultBackends\opengl\GL2\OpenGL2.h" />
    <ClInclude Include="include\bitengine\DefaultBackends\opengl\GL2\GL2Batch.h" />
    <ClInclude Include="include\bitengine\DefaultBackends\opengl\GL2\GL2ShaderManager.h" />
    <ClInclude Include="include\bitengine\Core\ResourceSpecification.h" />
    <ClInclude Include="include\bitengine\json.h" />
    <ClInclude Include="include\bitengine\Core\Resources\ResourceIndexer.h" />
    <ClInclude Include="include\bitengine\Core\Resources\ResourceManager.h" />
    <ClInclude Include="include\bitengine\Core\Resources\DevResourceLoader.h" />
    <ClInclude Include="include\bitengine\Common\Header.h" />
    <ClInclude Include="include\bitengine\Core\GameEnginePC.h" />
    <ClInclude Include="include\bitengine\Core\Graphics\Shader.h" />
    <ClInclude Include="include\bitengine\Core\Input.h" />
    <ClInclude Include="include\bitengine\Core\GeneralTaskManager.h" />
    <ClInclude Include="include\bitengine\Common\ThreadSafeVector.h" />
    <ClInclude Include="include\bitengine\DefaultBackends\opengl\GL2\GL2Impl.h" />
    <ClInclude Include="include\bitengine\Core\Graphics\Material.h" />
    <ClInclude Include="include\bitengine\Core\Graphics\Texture.h" />
    <ClInclude Include="include\bitengine\Core\Graphics\VideoRenderer.h" />
    <ClInclude Include="include\bitengine\DefaultBackends\glfw\GLFW_Backend.h" />
    <ClInclude Include="include\bitengine\DefaultBackends\glfw\GLFW_Headers.h" />
    <ClInclude Include="include\bitengine\DefaultBackends\opengl\OpenGL_Headers.h" />
    <ClInclude Include="include\bitengine\Core\Resources\ResourceProperties.h" />
    <ClInclude Include="include\bitengine\DefaultBackends\opengl\GL2\GL2Driver.h" />
    <ClInclude Include="include\bitengine\Core\Graphics\VideoDriver.h" />
    <ClInclude Include="include\bitengine\DefaultBackends\glfw\GLFW_VideoSystem.h" />
  </ItemGroup>
  <ItemGroup>
    <ClCompile Include="src\Core\CommandSystem.cpp" />
    <ClCompile Include="src\Core\ECS\BaseEntitySystem.cpp" />
    <ClCompile Include="src\Core\ECS\Camera2DComponent.cpp" />
    <ClCompile Include="src\Core\ECS\Camera2DProcessor.cpp" />
    <ClCompile Include="src\Core\ECS\Camera3DProcessor.cpp" />
    <ClCompile Include="src\Core\ECS\GameLogicProcessor.cpp" />
    <ClCompile Include="src\Core\ECS\RenderableMeshProcessor.cpp" />
    <ClCompile Include="src\Core\ECS\Transform2DComponent.cpp" />
    <ClCompile Include="src\Core\ECS\Transform2DProcessor.cpp" />
    <ClCompile Include="src\Core\ECS\Transform3DComponent.cpp" />
    <ClCompile Include="src\Core\ECS\Transform3DProcessor.cpp" />
    <ClCompile Include="src\Core\EngineConfiguration.cpp" />
    <ClCompile Include="src\Core\InputSystem.cpp" />
    <ClCompile Include="src\Core\ModelManager.cpp" />
    <ClCompile Include="src\Core\ResourceSystem.cpp" />
    <ClCompile Include="src\Core\SpriteManager.cpp" />
    <ClCompile Include="src\Core\VideoSystem.cpp" />
    <ClCompile Include="src\DefaultBackends\opengl\ShaderProgram.cpp" />
    <ClCompile Include="src\DefaultBackends\glfw\GLFW_InputDriver.cpp" />
    <ClCompile Include="src\Core\Logger.cpp" />
    <ClCompile Include="src\Core\Timer.cpp" />
    <ClCompile Include="src\DefaultBackends\opengl\error_texture.cpp" />
    <ClCompile Include="src\DefaultBackends\opengl\OpenGL.cpp" />
    <ClCompile Include="src\Core\ECS\Camera3DComponent.cpp" />
    <ClCompile Include="src\Core\Messenger.cpp" />
    <ClCompile Include="src\Tests\bitset.cpp" />
    <ClCompile Include="src\Core\ECS\ComponentProcessor.cpp" />
    <ClCompile Include="src\Tests\testES.cpp" />
    <ClCompile Include="src\DefaultBackends\opengl\GL2\GL2Shader.cpp" />
    <ClCompile Include="src\DefaultBackends\opengl\GL2\GL2TextureManager.cpp" />
    <ClCompile Include="src\DefaultBackends\opengl\GL2\GL2ShaderManager.cpp" />
    <ClCompile Include="src\Core\Resources\DevResourceLoader.cpp" />
    <ClCompile Include="src\Core\GameEnginePC.cpp" />
    <ClCompile Include="src\Core\Input.cpp" />
    <ClCompile Include="src\Core\GeneralTaskManager.cpp" />
    <ClCompile Include="src\DefaultBackends\opengl\GL2\GL2Batch.cpp" />
    <ClCompile Include="src\Core\Graphics\Sprite2D.cpp" />
    <ClCompile Include="src\Core\VideoRenderer.cpp" />
    <ClCompile Include="src\DefaultBackends\opengl\GL2\GL2Driver.cpp" />
    <ClCompile Include="src\DefaultBackends\glfw\GLFW_VideoSystem.cpp" />
  </ItemGroup>
</Project>