<?xml version="1.0" encoding="utf-8"?>
<Project ToolsVersion="4.0" xmlns="http://schemas.microsoft.com/developer/msbuild/2003">
  <ItemGroup>
    <Filter Include="Source Files">
      <UniqueIdentifier>{4FC737F1-C7A5-4376-A066-2A32D752A2FF}</UniqueIdentifier>
      <Extensions>cpp;c;cc;cxx;def;odl;idl;hpj;bat;asm;asmx</Extensions>
    </Filter>
    <Filter Include="Header Files">
      <UniqueIdentifier>{93995380-89BD-4b04-88EB-625FBE52EBFB}</UniqueIdentifier>
      <Extensions>h;hh;hpp;hxx;hm;inl;inc;xsd</Extensions>
    </Filter>
    <Filter Include="Resource Files">
      <UniqueIdentifier>{67DA6AB6-F800-4c08-8B7A-83BB121AAD01}</UniqueIdentifier>
      <Extensions>rc;ico;cur;bmp;dlg;rc2;rct;bin;rgs;gif;jpg;jpeg;jpe;resx;tiff;tif;png;wav</Extensions>
    </Filter>
    <Filter Include="Systems">
      <UniqueIdentifier>{ad5f49a9-fd47-4518-82ab-fb0335d1c663}</UniqueIdentifier>
    </Filter>
    <Filter Include="EntitySystem">
      <UniqueIdentifier>{3154d8cf-c5ae-47f3-9de2-fc6a4e21da03}</UniqueIdentifier>
    </Filter>
    <Filter Include="EntitySystem\Components">
      <UniqueIdentifier>{2b7e48e2-12fc-4f66-92a4-dc4e0e6e0f44}</UniqueIdentifier>
    </Filter>
    <Filter Include="EntitySystem\Processors">
      <UniqueIdentifier>{b2f00c10-1b33-4ddd-8e86-f0a4dc114ae1}</UniqueIdentifier>
    </Filter>
    <Filter Include="ResourceSystem">
      <UniqueIdentifier>{6d5d36a7-4ce0-445b-9cf9-78508df503fc}</UniqueIdentifier>
    </Filter>
    <Filter Include="Graphics">
      <UniqueIdentifier>{4d553416-a2d1-40d9-9861-fef8f52f8bde}</UniqueIdentifier>
    </Filter>
    <Filter Include="Graphics\Shaders">
      <UniqueIdentifier>{b27994f4-0ab6-42d9-9dc3-e58b021be420}</UniqueIdentifier>
    </Filter>
    <Filter Include="EntitySystem\Components\3D">
      <UniqueIdentifier>{41629f48-9c7f-44e9-a01d-18ed4a5544e9}</UniqueIdentifier>
    </Filter>
    <Filter Include="EntitySystem\Components\2D">
      <UniqueIdentifier>{812cee9b-34de-4ac8-8e84-3e0ffd507657}</UniqueIdentifier>
    </Filter>
    <Filter Include="EntitySystem\Processors\3D">
      <UniqueIdentifier>{bc5c2fa6-cb8c-49e6-9b51-80ebf7ef7aeb}</UniqueIdentifier>
    </Filter>
    <Filter Include="EntitySystem\Processors\2D">
      <UniqueIdentifier>{a35cefc6-3493-4c2f-8ffb-0b564ec6d7d7}</UniqueIdentifier>
    </Filter>
    <Filter Include="Graphics\Shaders\Renderers">
      <UniqueIdentifier>{243e27bc-0fcb-4cb9-bb35-5ddde902805e}</UniqueIdentifier>
    </Filter>
    <Filter Include="Utils">
      <UniqueIdentifier>{258208a1-5e66-4888-b37f-506614b3c749}</UniqueIdentifier>
    </Filter>
  </ItemGroup>
  <ItemGroup>
    <ClCompile Include="src\GameEngine.cpp">
      <Filter>Source Files</Filter>
    </ClCompile>
    <ClCompile Include="src\MessageChannel.cpp">
      <Filter>Source Files</Filter>
    </ClCompile>
    <ClCompile Include="src\Task.cpp">
      <Filter>Source Files</Filter>
    </ClCompile>
    <ClCompile Include="src\glSystem.cpp">
      <Filter>Source Files</Filter>
    </ClCompile>
    <ClCompile Include="src\InputSystem.cpp">
      <Filter>Systems</Filter>
    </ClCompile>
    <ClCompile Include="src\System.cpp">
      <Filter>Systems</Filter>
    </ClCompile>
    <ClCompile Include="src\VideoSystem.cpp">
      <Filter>Systems</Filter>
    </ClCompile>
    <ClCompile Include="src\CommandSystem.cpp">
      <Filter>Systems</Filter>
    </ClCompile>
    <ClCompile Include="src\ShaderProgram.cpp">
      <Filter>Graphics\Shaders</Filter>
    </ClCompile>
    <ClCompile Include="src\Sprite2DShader.cpp">
      <Filter>Graphics\Shaders</Filter>
    </ClCompile>
    <ClCompile Include="src\EntitySystem.cpp">
      <Filter>EntitySystem</Filter>
    </ClCompile>
    <ClCompile Include="src\SpriteManager.cpp">
      <Filter>ResourceSystem</Filter>
    </ClCompile>
    <ClCompile Include="src\ResourceSystem.cpp">
      <Filter>ResourceSystem</Filter>
    </ClCompile>
    <ClCompile Include="src\GameLogicProcessor.cpp">
      <Filter>EntitySystem\Processors</Filter>
    </ClCompile>
    <ClCompile Include="src\TextureManager.cpp">
      <Filter>ResourceSystem</Filter>
    </ClCompile>
    <ClCompile Include="src\ModelManager.cpp">
      <Filter>ResourceSystem</Filter>
    </ClCompile>
    <ClCompile Include="src\Transform2DComponent.cpp">
      <Filter>EntitySystem\Components\2D</Filter>
    </ClCompile>
    <ClCompile Include="src\Camera2DComponent.cpp">
      <Filter>EntitySystem\Components\2D</Filter>
    </ClCompile>
    <ClCompile Include="src\Transform3DComponent.cpp">
      <Filter>EntitySystem\Components\3D</Filter>
    </ClCompile>
    <ClCompile Include="src\Camera3DProcessor.cpp">
      <Filter>EntitySystem\Processors\3D</Filter>
    </ClCompile>
    <ClCompile Include="src\Transform3DProcessor.cpp">
      <Filter>EntitySystem\Processors\3D</Filter>
    </ClCompile>
    <ClCompile Include="src\RenderableMeshProcessor.cpp">
      <Filter>EntitySystem\Processors\3D</Filter>
    </ClCompile>
    <ClCompile Include="src\Graphics\error_texture.cpp">
      <Filter>Graphics</Filter>
    </ClCompile>
    <ClCompile Include="src\Sprite2DProcessor.cpp">
      <Filter>EntitySystem\Processors\2D</Filter>
    </ClCompile>
    <ClCompile Include="src\Transform2DProcessor.cpp">
      <Filter>EntitySystem\Processors\2D</Filter>
    </ClCompile>
    <ClCompile Include="src\Camera2DProcessor.cpp">
      <Filter>EntitySystem\Processors\2D</Filter>
    </ClCompile>
    <ClCompile Include="src\Graphics\Sprite2DRenderer.cpp">
      <Filter>Graphics\Shaders\Renderers</Filter>
    </ClCompile>
    <ClCompile Include="src\Texture.cpp">
      <Filter>Graphics</Filter>
    </ClCompile>
    <ClCompile Include="src\EngineConfiguration.cpp">
      <Filter>Source Files</Filter>
    </ClCompile>
  </ItemGroup>
  <ItemGroup>
    <ClInclude Include="include\bitengine\Color.h">
      <Filter>Header Files</Filter>
    </ClInclude>
    <ClInclude Include="include\bitengine\GameEngine.h">
      <Filter>Header Files</Filter>
    </ClInclude>
    <ClInclude Include="include\bitengine\Logger.h">
      <Filter>Header Files</Filter>
    </ClInclude>
    <ClInclude Include="include\bitengine\MessageChannel.h">
      <Filter>Header Files</Filter>
    </ClInclude>
    <ClInclude Include="include\bitengine\MessageType.h">
      <Filter>Header Files</Filter>
    </ClInclude>
    <ClInclude Include="include\bitengine\Task.h">
      <Filter>Header Files</Filter>
    </ClInclude>
    <ClInclude Include="include\bitengine\TaskManager.h">
      <Filter>Header Files</Filter>
    </ClInclude>
    <ClInclude Include="include\bitengine\TypeDefinition.h">
      <Filter>Header Files</Filter>
    </ClInclude>
    <ClInclude Include="include\bitengine\Window.h">
      <Filter>Header Files</Filter>
    </ClInclude>
    <ClInclude Include="include\bitengine\ErrorCodes.h">
      <Filter>Header Files</Filter>
    </ClInclude>
    <ClInclude Include="include\bitengine\VideoSystem.h">
      <Filter>Systems</Filter>
    </ClInclude>
    <ClInclude Include="include\bitengine\System.h">
      <Filter>Systems</Filter>
    </ClInclude>
    <ClInclude Include="include\bitengine\InputSystem.h">
      <Filter>Systems</Filter>
    </ClInclude>
    <ClInclude Include="include\bitengine\EngineLoggers.h">
      <Filter>Header Files</Filter>
    </ClInclude>
    <ClInclude Include="include\bitengine\CommandSystem.h">
      <Filter>Systems</Filter>
    </ClInclude>
    <ClInclude Include="include\bitengine\EntitySystem.h">
      <Filter>EntitySystem</Filter>
    </ClInclude>
    <ClInclude Include="include\bitengine\ShaderProgram.h">
      <Filter>Graphics\Shaders</Filter>
    </ClInclude>
    <ClInclude Include="include\bitengine\Component.h">
      <Filter>EntitySystem\Components</Filter>
    </ClInclude>
    <ClInclude Include="include\bitengine\ComponentCollection.h">
      <Filter>EntitySystem</Filter>
    </ClInclude>
    <ClInclude Include="include\bitengine\Components.h">
      <Filter>EntitySystem</Filter>
    </ClInclude>
    <ClInclude Include="include\bitengine\Sprite2DShader.h">
      <Filter>Graphics\Shaders</Filter>
    </ClInclude>
    <ClInclude Include="include\bitengine\ComponentProcessor.h">
      <Filter>EntitySystem\Processors</Filter>
    </ClInclude>
    <ClInclude Include="include\bitengine\ResourceSystem.h">
      <Filter>ResourceSystem</Filter>
    </ClInclude>
    <ClInclude Include="include\bitengine\SpriteManager.h">
      <Filter>ResourceSystem</Filter>
    </ClInclude>
    <ClInclude Include="include\bitengine\LogicScript.h">
      <Filter>EntitySystem\Components</Filter>
    </ClInclude>
    <ClInclude Include="include\bitengine\GameLogicProcessor.h">
      <Filter>EntitySystem\Processors</Filter>
    </ClInclude>
    <ClInclude Include="include\bitengine\ComponentsType.h">
      <Filter>EntitySystem</Filter>
    </ClInclude>
    <ClInclude Include="include\bitengine\TextureManager.h">
      <Filter>ResourceSystem</Filter>
    </ClInclude>
    <ClInclude Include="include\bitengine\Mesh.h">
      <Filter>Graphics\Shaders</Filter>
    </ClInclude>
    <ClInclude Include="include\bitengine\ModelManager.h">
      <Filter>ResourceSystem</Filter>
    </ClInclude>
    <ClInclude Include="include\bitengine\Graphics.h">
      <Filter>Graphics</Filter>
    </ClInclude>
    <ClInclude Include="include\bitengine\glSystem.h">
      <Filter>Graphics</Filter>
    </ClInclude>
    <ClInclude Include="include\bitengine\Camera3DComponent.h">
      <Filter>EntitySystem\Components\3D</Filter>
    </ClInclude>
    <ClInclude Include="include\bitengine\Transform3DComponent.h">
      <Filter>EntitySystem\Components\3D</Filter>
    </ClInclude>
    <ClInclude Include="include\bitengine\RenderableMeshComponent.h">
      <Filter>EntitySystem\Components\3D</Filter>
    </ClInclude>
    <ClInclude Include="include\bitengine\Sprite2DComponent.h">
      <Filter>EntitySystem\Components\2D</Filter>
    </ClInclude>
    <ClInclude Include="include\bitengine\Transform2DComponent.h">
      <Filter>EntitySystem\Components\2D</Filter>
    </ClInclude>
    <ClInclude Include="include\bitengine\Camera2DComponent.h">
      <Filter>EntitySystem\Components\2D</Filter>
    </ClInclude>
    <ClInclude Include="include\bitengine\Camera3DProcessor.h">
      <Filter>EntitySystem\Processors\3D</Filter>
    </ClInclude>
    <ClInclude Include="include\bitengine\Transform3DProcessor.h">
      <Filter>EntitySystem\Processors\3D</Filter>
    </ClInclude>
    <ClInclude Include="include\bitengine\RenderableMeshProcessor.h">
      <Filter>EntitySystem\Processors\3D</Filter>
    </ClInclude>
    <ClInclude Include="include\bitengine\MathUtils.h">
      <Filter>Header Files</Filter>
    </ClInclude>
    <ClInclude Include="include\bitengine\Transform2DProcessor.h">
      <Filter>EntitySystem\Processors\2D</Filter>
    </ClInclude>
    <ClInclude Include="include\bitengine\Sprite2DProcessor.h">
      <Filter>EntitySystem\Processors\2D</Filter>
    </ClInclude>
    <ClInclude Include="include\bitengine\Camera2DProcessor.h">
      <Filter>EntitySystem\Processors\2D</Filter>
    </ClInclude>
    <ClInclude Include="include\bitengine\Sprite2DRenderer.h">
      <Filter>Graphics\Shaders\Renderers</Filter>
    </ClInclude>
    <ClInclude Include="include\bitengine\Texture.h">
      <Filter>Graphics</Filter>
    </ClInclude>
    <ClInclude Include="include\bitengine\SystemConfiguration.h">
      <Filter>Header Files</Filter>
    </ClInclude>
    <ClInclude Include="include\bitengine\EngineConfiguration.h">
      <Filter>Header Files</Filter>
    </ClInclude>
    <ClInclude Include="include\bitengine\Sprite.h">
      <Filter>Graphics</Filter>
    </ClInclude>
    <ClInclude Include="include\bitengine\VertexArrayObject.h">
      <Filter>Graphics</Filter>
    </ClInclude>
    <ClInclude Include="include\bitengine\VectorBool.h">
      <Filter>Utils</Filter>
	</ClInclude>
    <ClInclude Include="include\bitengine\Timer.h">
      <Filter>Header Files</Filter>
    </ClInclude>
  </ItemGroup>
</Project>