
Microsoft Visual Studio Solution File, Format Version 12.00
# Visual Studio 14
VisualStudioVersion = 14.0.24720.0
MinimumVisualStudioVersion = 10.0.40219.1
Project("{8BC9CEB8-8B4A-11D0-8D11-00A0C91BC942}") = "bitengine", "bitengine.vcxproj", "{36D2A43C-8165-4450-9B3D-39C12078BA1D}"
EndProject
Global
	GlobalSection(SolutionConfigurationPlatforms) = preSolution
		Debug|Win32 = Debug|Win32
		Release|Win32 = Release|Win32
		TestBitfield|Win32 = TestBitfield|Win32
		testES|Win32 = testES|Win32
	EndGlobalSection
	GlobalSection(ProjectConfigurationPlatforms) = postSolution
		{36D2A43C-8165-4450-9B3D-39C12078BA1D}.Debug|Win32.ActiveCfg = Debug|Win32
		{36D2A43C-8165-4450-9B3D-39C12078BA1D}.Debug|Win32.Build.0 = Debug|Win32
		{36D2A43C-8165-4450-9B3D-39C12078BA1D}.Release|Win32.ActiveCfg = Release|Win32
		{36D2A43C-8165-4450-9B3D-39C12078BA1D}.Release|Win32.Build.0 = Release|Win32
		{36D2A43C-8165-4450-9B3D-39C12078BA1D}.TestBitfield|Win32.ActiveCfg = TestBitfield|Win32
		{36D2A43C-8165-4450-9B3D-39C12078BA1D}.TestBitfield|Win32.Build.0 = TestBitfield|Win32
		{36D2A43C-8165-4450-9B3D-39C12078BA1D}.testES|Win32.ActiveCfg = testES|Win32
		{36D2A43C-8165-4450-9B3D-39C12078BA1D}.testES|Win32.Build.0 = testES|Win32
	EndGlobalSection
	GlobalSection(SolutionProperties) = preSolution
		HideSolutionNode = FALSE
	EndGlobalSection
EndGlobal
