<?xml version="1.0" encoding="UTF-8" standalone="yes" ?>
<CodeBlocks_project_file>
	<FileVersion major="1" minor="6" />
	<Project>
		<Option title="BitEngine" />
		<Option pch_mode="2" />
		<Option compiler="gcc" />
		<Build>
			<Target title="Debug">
				<Option output="../lib/BitEngineD" prefix_auto="1" extension_auto="1" />
				<Option working_dir="" />
				<Option object_output="obj/Debug/" />
				<Option type="2" />
				<Option compiler="gcc" />
				<Option createDefFile="1" />
				<Compiler>
					<Add option="-g" />
					<Add directory="include/bitengine" />
				</Compiler>
			</Target>
			<Target title="Release">
				<Option output="../lib/BitEngine" prefix_auto="1" extension_auto="1" />
				<Option working_dir="" />
				<Option object_output="obj/Release/" />
				<Option type="2" />
				<Option compiler="gcc" />
				<Option createDefFile="1" />
				<Compiler>
					<Add option="-O2" />
					<Add directory="include/bitengine" />
				</Compiler>
				<Linker>
					<Add option="-s" />
				</Linker>
			</Target>
		</Build>
		<Compiler>
			<Add option="-Wall" />
			<Add option="-std=c++11" />
			<Add directory="../include/BitEngine" />
			<Add directory="$(GLFW_HOME)/include" />
			<Add directory="$(GLM_HOME)/include" />
			<Add directory="../include" />
			<Add directory="C:/resources/stb-master" />
			<Add directory="$(GLEW_HOME)/include" />
		</Compiler>
		<Linker>
			<Add option="-lglew32s" />
			<Add directory="$(GLEW_HOME)/lib/Release/Win32" />
		</Linker>
		<Unit filename="../include/bitengine/Color.h" />
		<Unit filename="../include/bitengine/GameEngine.h" />
		<Unit filename="../include/bitengine/Graphics.h" />
		<Unit filename="../include/bitengine/IBatch.h" />
		<Unit filename="../include/bitengine/InputSystem.h" />
		<Unit filename="../include/bitengine/Logger.h" />
		<Unit filename="../include/bitengine/MessageChannel.h" />
		<Unit filename="../include/bitengine/MessageType.h" />
		<Unit filename="../include/bitengine/ResourceManager.h" />
		<Unit filename="../include/bitengine/SceneGraph.h" />
		<Unit filename="../include/bitengine/SceneNode.h" />
		<Unit filename="../include/bitengine/ShaderProgram.h" />
		<Unit filename="../include/bitengine/Sprite.h" />
		<Unit filename="../include/bitengine/Sprite2DBatch.h" />
		<Unit filename="../include/bitengine/System.h" />
		<Unit filename="../include/bitengine/Task.h" />
		<Unit filename="../include/bitengine/TaskManager.h" />
		<Unit filename="../include/bitengine/Texture.h" />
		<Unit filename="../include/bitengine/Transform.h" />
		<Unit filename="../include/bitengine/TypeDefinition.h" />
		<Unit filename="../include/bitengine/VertexData.h" />
		<Unit filename="../include/bitengine/VideoSystem.h" />
		<Unit filename="../include/bitengine/Window.h" />
		<Unit filename="../src/GameEngine.cpp" />
		<Unit filename="../src/InputSystem.cpp" />
		<Unit filename="../src/MessageChannel.cpp" />
		<Unit filename="../src/ResourceManager.cpp" />
		<Unit filename="../src/SceneGraph.cpp" />
		<Unit filename="../src/SceneNode.cpp" />
		<Unit filename="../src/ShaderProgram.cpp" />
		<Unit filename="../src/Sprite2DBatch.cpp" />
		<Unit filename="../src/System.cpp" />
		<Unit filename="../src/Task.cpp" />
		<Unit filename="../src/Texture.cpp" />
		<Unit filename="../src/Transform.cpp" />
		<Unit filename="../src/VideoSystem.cpp" />
		<Unit filename="../src/glSystem.cpp" />
		<Extensions>
			<code_completion />
			<envvars />
			<debugger />
			<lib_finder disable_auto="1" />
		</Extensions>
	</Project>
</CodeBlocks_project_file>
